
Microsoft Visual Studio Solution File, Format Version 12.00
# Visual Studio Express 2012 for Windows Desktop
Project("{8BC9CEB8-8B4A-11D0-8D11-00A0C91BC942}") = "TAP_tarea5", "TAP_tarea5\TAP_tarea5.vcxproj", "{A61B79D6-EC88-4DBC-8B94-E808B7B58840}"
EndProject
Global
	GlobalSection(SolutionConfigurationPlatforms) = preSolution
		Debug|Win32 = Debug|Win32
		Release|Win32 = Release|Win32
	EndGlobalSection
	GlobalSection(ProjectConfigurationPlatforms) = postSolution
		{A61B79D6-EC88-4DBC-8B94-E808B7B58840}.Debug|Win32.ActiveCfg = Debug|Win32
		{A61B79D6-EC88-4DBC-8B94-E808B7B58840}.Debug|Win32.Build.0 = Debug|Win32
		{A61B79D6-EC88-4DBC-8B94-E808B7B58840}.Release|Win32.ActiveCfg = Release|Win32
		{A61B79D6-EC88-4DBC-8B94-E808B7B58840}.Release|Win32.Build.0 = Release|Win32
	EndGlobalSection
	GlobalSection(SolutionProperties) = preSolution
		HideSolutionNode = FALSE
	EndGlobalSection
EndGlobal
